// !$*UTF8*$!
{
	archiveVersion = 1;
	classes = {
	};
	objectVersion = 46;
	objects = {

/* Begin PBXBuildFile section */
		9A0537B913DE084B00C1E27D /* Amaranth.mp3 in Resources */ = {isa = PBXBuildFile; fileRef = 9A0537B813DE084B00C1E27D /* Amaranth.mp3 */; };
		9AA7DD8213DCA7F6009387BF /* UIKit.framework in Frameworks */ = {isa = PBXBuildFile; fileRef = 9AA7DD8113DCA7F6009387BF /* UIKit.framework */; };
		9AA7DD8413DCA7F6009387BF /* Foundation.framework in Frameworks */ = {isa = PBXBuildFile; fileRef = 9AA7DD8313DCA7F6009387BF /* Foundation.framework */; };
		9AA7DD8613DCA7F6009387BF /* CoreGraphics.framework in Frameworks */ = {isa = PBXBuildFile; fileRef = 9AA7DD8513DCA7F6009387BF /* CoreGraphics.framework */; };
		9AA7DD8C13DCA7F6009387BF /* InfoPlist.strings in Resources */ = {isa = PBXBuildFile; fileRef = 9AA7DD8A13DCA7F6009387BF /* InfoPlist.strings */; };
		9AA7DD8F13DCA7F6009387BF /* main.m in Sources */ = {isa = PBXBuildFile; fileRef = 9AA7DD8E13DCA7F6009387BF /* main.m */; };
		9AA7DD9513DCA7F6009387BF /* MainWindow.xib in Resources */ = {isa = PBXBuildFile; fileRef = 9AA7DD9313DCA7F6009387BF /* MainWindow.xib */; };
		9AA7DDA613DCA7F6009387BF /* UIKit.framework in Frameworks */ = {isa = PBXBuildFile; fileRef = 9AA7DD8113DCA7F6009387BF /* UIKit.framework */; };
		9AA7DDA713DCA7F6009387BF /* Foundation.framework in Frameworks */ = {isa = PBXBuildFile; fileRef = 9AA7DD8313DCA7F6009387BF /* Foundation.framework */; };
		9AA7DDA813DCA7F6009387BF /* CoreGraphics.framework in Frameworks */ = {isa = PBXBuildFile; fileRef = 9AA7DD8513DCA7F6009387BF /* CoreGraphics.framework */; };
		9AA7DDB013DCA7F6009387BF /* InfoPlist.strings in Resources */ = {isa = PBXBuildFile; fileRef = 9AA7DDAE13DCA7F6009387BF /* InfoPlist.strings */; };
		9AA7DDB313DCA7F6009387BF /* SimpleMusicPlayerTests.h in Resources */ = {isa = PBXBuildFile; fileRef = 9AA7DDB213DCA7F6009387BF /* SimpleMusicPlayerTests.h */; };
		9AA7DDB513DCA7F6009387BF /* SimpleMusicPlayerTests.m in Sources */ = {isa = PBXBuildFile; fileRef = 9AA7DDB413DCA7F6009387BF /* SimpleMusicPlayerTests.m */; };
		9AA7DDC713DCAB6E009387BF /* AVFoundation.framework in Frameworks */ = {isa = PBXBuildFile; fileRef = 9AA7DDC613DCAB6E009387BF /* AVFoundation.framework */; };
		9AA7DDD313DCACE8009387BF /* SimpleMusicPlayerAppDelegate.m in Sources */ = {isa = PBXBuildFile; fileRef = 9AA7DDCA13DCACE8009387BF /* SimpleMusicPlayerAppDelegate.m */; };
		9AA7DDD413DCACE8009387BF /* FlipsideViewController.m in Sources */ = {isa = PBXBuildFile; fileRef = 9AA7DDCD13DCACE8009387BF /* FlipsideViewController.m */; };
		9AA7DDD513DCACE8009387BF /* FlipsideViewController.xib in Resources */ = {isa = PBXBuildFile; fileRef = 9AA7DDCE13DCACE8009387BF /* FlipsideViewController.xib */; };
		9AA7DDD613DCACE8009387BF /* MainViewController.m in Sources */ = {isa = PBXBuildFile; fileRef = 9AA7DDD113DCACE8009387BF /* MainViewController.m */; };
		9AA7DDD713DCACE8009387BF /* MainViewController.xib in Resources */ = {isa = PBXBuildFile; fileRef = 9AA7DDD213DCACE8009387BF /* MainViewController.xib */; };
		9AA7DDEE13DDEEEF009387C2 /* AudioPlayerViewController.m in Sources */ = {isa = PBXBuildFile; fileRef = 9AA7DDEE13DDEEEF009387C1 /* AudioPlayerViewController.m */; };
		9AA7DDEE13DDEEEF009387C4 /* AudioPlayerViewController.xib in Resources */ = {isa = PBXBuildFile; fileRef = 9AA7DDEE13DDEEEF009387C3 /* AudioPlayerViewController.xib */; };
		9AA7DDFC13DDFCFC009387BF /* progress-background.png in Resources */ = {isa = PBXBuildFile; fileRef = 9AA7DDF513DDFCFC009387BF /* progress-background.png */; };
		9AA7DDFD13DDFCFC009387BF /* progress-point.png in Resources */ = {isa = PBXBuildFile; fileRef = 9AA7DDF613DDFCFC009387BF /* progress-point.png */; };
		9AA7DDFE13DDFCFC009387BF /* progress-front.png in Resources */ = {isa = PBXBuildFile; fileRef = 9AA7DDF713DDFCFC009387BF /* progress-front.png */; };
		9AA7DDFF13DDFCFC009387BF /* volume_BLACK.png in Resources */ = {isa = PBXBuildFile; fileRef = 9AA7DDF913DDFCFC009387BF /* volume_BLACK.png */; };
		9AA7DE0013DDFCFC009387BF /* volume_CIRCLE.png in Resources */ = {isa = PBXBuildFile; fileRef = 9AA7DDFA13DDFCFC009387BF /* volume_CIRCLE.png */; };
		9AA7DE0113DDFCFC009387BF /* volume_GRAY.png in Resources */ = {isa = PBXBuildFile; fileRef = 9AA7DDFB13DDFCFC009387BF /* volume_GRAY.png */; };
/* End PBXBuildFile section */

/* Begin PBXContainerItemProxy section */
		9AA7DDA913DCA7F6009387BF /* PBXContainerItemProxy */ = {
			isa = PBXContainerItemProxy;
			containerPortal = 9AA7DD7413DCA7F5009387BF /* Project object */;
			proxyType = 1;
			remoteGlobalIDString = 9AA7DD7C13DCA7F6009387BF;
			remoteInfo = SimpleMusicPlayer;
		};
/* End PBXContainerItemProxy section */

/* Begin PBXFileReference section */
		9A0537B813DE084B00C1E27D /* Amaranth.mp3 */ = {isa = PBXFileReference; lastKnownFileType = audio.mp3; path = Amaranth.mp3; sourceTree = "<group>"; };
		9AA7DD7D13DCA7F6009387BF /* SimpleMusicPlayer.app */ = {isa = PBXFileReference; explicitFileType = wrapper.application; includeInIndex = 0; path = SimpleMusicPlayer.app; sourceTree = BUILT_PRODUCTS_DIR; };
		9AA7DD8113DCA7F6009387BF /* UIKit.framework */ = {isa = PBXFileReference; lastKnownFileType = wrapper.framework; name = UIKit.framework; path = System/Library/Frameworks/UIKit.framework; sourceTree = SDKROOT; };
		9AA7DD8313DCA7F6009387BF /* Foundation.framework */ = {isa = PBXFileReference; lastKnownFileType = wrapper.framework; name = Foundation.framework; path = System/Library/Frameworks/Foundation.framework; sourceTree = SDKROOT; };
		9AA7DD8513DCA7F6009387BF /* CoreGraphics.framework */ = {isa = PBXFileReference; lastKnownFileType = wrapper.framework; name = CoreGraphics.framework; path = System/Library/Frameworks/CoreGraphics.framework; sourceTree = SDKROOT; };
		9AA7DD8913DCA7F6009387BF /* SimpleMusicPlayer-Info.plist */ = {isa = PBXFileReference; lastKnownFileType = text.plist.xml; path = "SimpleMusicPlayer-Info.plist"; sourceTree = "<group>"; };
		9AA7DD8B13DCA7F6009387BF /* en */ = {isa = PBXFileReference; lastKnownFileType = text.plist.strings; name = en; path = en.lproj/InfoPlist.strings; sourceTree = "<group>"; };
		9AA7DD8D13DCA7F6009387BF /* SimpleMusicPlayer-Prefix.pch */ = {isa = PBXFileReference; lastKnownFileType = sourcecode.c.h; path = "SimpleMusicPlayer-Prefix.pch"; sourceTree = "<group>"; };
		9AA7DD8E13DCA7F6009387BF /* main.m */ = {isa = PBXFileReference; lastKnownFileType = sourcecode.c.objc; path = main.m; sourceTree = "<group>"; };
		9AA7DD9413DCA7F6009387BF /* en */ = {isa = PBXFileReference; lastKnownFileType = file.xib; name = en; path = en.lproj/MainWindow.xib; sourceTree = "<group>"; };
		9AA7DDA513DCA7F6009387BF /* SimpleMusicPlayerTests.octest */ = {isa = PBXFileReference; explicitFileType = wrapper.cfbundle; includeInIndex = 0; path = SimpleMusicPlayerTests.octest; sourceTree = BUILT_PRODUCTS_DIR; };
		9AA7DDAD13DCA7F6009387BF /* SimpleMusicPlayerTests-Info.plist */ = {isa = PBXFileReference; lastKnownFileType = text.plist.xml; path = "SimpleMusicPlayerTests-Info.plist"; sourceTree = "<group>"; };
		9AA7DDAF13DCA7F6009387BF /* en */ = {isa = PBXFileReference; lastKnownFileType = text.plist.strings; name = en; path = en.lproj/InfoPlist.strings; sourceTree = "<group>"; };
		9AA7DDB113DCA7F6009387BF /* SimpleMusicPlayerTests-Prefix.pch */ = {isa = PBXFileReference; lastKnownFileType = sourcecode.c.h; path = "SimpleMusicPlayerTests-Prefix.pch"; sourceTree = "<group>"; };
		9AA7DDB213DCA7F6009387BF /* SimpleMusicPlayerTests.h */ = {isa = PBXFileReference; lastKnownFileType = sourcecode.c.h; path = SimpleMusicPlayerTests.h; sourceTree = "<group>"; };
		9AA7DDB413DCA7F6009387BF /* SimpleMusicPlayerTests.m */ = {isa = PBXFileReference; lastKnownFileType = sourcecode.c.objc; path = SimpleMusicPlayerTests.m; sourceTree = "<group>"; };
		9AA7DDC613DCAB6E009387BF /* AVFoundation.framework */ = {isa = PBXFileReference; lastKnownFileType = wrapper.framework; name = AVFoundation.framework; path = System/Library/Frameworks/AVFoundation.framework; sourceTree = SDKROOT; };
		9AA7DDC913DCACE8009387BF /* SimpleMusicPlayerAppDelegate.h */ = {isa = PBXFileReference; fileEncoding = 4; lastKnownFileType = sourcecode.c.h; path = SimpleMusicPlayerAppDelegate.h; sourceTree = "<group>"; };
		9AA7DDCA13DCACE8009387BF /* SimpleMusicPlayerAppDelegate.m */ = {isa = PBXFileReference; fileEncoding = 4; lastKnownFileType = sourcecode.c.objc; path = SimpleMusicPlayerAppDelegate.m; sourceTree = "<group>"; };
		9AA7DDCC13DCACE8009387BF /* FlipsideViewController.h */ = {isa = PBXFileReference; fileEncoding = 4; lastKnownFileType = sourcecode.c.h; path = FlipsideViewController.h; sourceTree = "<group>"; };
		9AA7DDCD13DCACE8009387BF /* FlipsideViewController.m */ = {isa = PBXFileReference; fileEncoding = 4; lastKnownFileType = sourcecode.c.objc; path = FlipsideViewController.m; sourceTree = "<group>"; };
		9AA7DDCE13DCACE8009387BF /* FlipsideViewController.xib */ = {isa = PBXFileReference; fileEncoding = 4; lastKnownFileType = file.xib; path = FlipsideViewController.xib; sourceTree = "<group>"; };
		9AA7DDD013DCACE8009387BF /* MainViewController.h */ = {isa = PBXFileReference; fileEncoding = 4; lastKnownFileType = sourcecode.c.h; path = MainViewController.h; sourceTree = "<group>"; };
		9AA7DDD113DCACE8009387BF /* MainViewController.m */ = {isa = PBXFileReference; fileEncoding = 4; lastKnownFileType = sourcecode.c.objc; path = MainViewController.m; sourceTree = "<group>"; };
		9AA7DDD213DCACE8009387BF /* MainViewController.xib */ = {isa = PBXFileReference; fileEncoding = 4; lastKnownFileType = file.xib; path = MainViewController.xib; sourceTree = "<group>"; };
		9AA7DDEE13DDEEEF009387C0 /* AudioPlayerViewController.h */ = {isa = PBXFileReference; lastKnownFileType = sourcecode.c.h; path = AudioPlayerViewController.h; sourceTree = "<group>"; };
		9AA7DDEE13DDEEEF009387C1 /* AudioPlayerViewController.m */ = {isa = PBXFileReference; lastKnownFileType = sourcecode.c.objc; path = AudioPlayerViewController.m; sourceTree = "<group>"; };
		9AA7DDEE13DDEEEF009387C3 /* AudioPlayerViewController.xib */ = {isa = PBXFileReference; lastKnownFileType = file.xib; path = AudioPlayerViewController.xib; sourceTree = "<group>"; };
		9AA7DDF513DDFCFC009387BF /* progress-background.png */ = {isa = PBXFileReference; lastKnownFileType = image.png; path = "progress-background.png"; sourceTree = "<group>"; };
		9AA7DDF613DDFCFC009387BF /* progress-point.png */ = {isa = PBXFileReference; lastKnownFileType = image.png; path = "progress-point.png"; sourceTree = "<group>"; };
		9AA7DDF713DDFCFC009387BF /* progress-front.png */ = {isa = PBXFileReference; lastKnownFileType = image.png; path = "progress-front.png"; sourceTree = "<group>"; };
		9AA7DDF913DDFCFC009387BF /* volume_BLACK.png */ = {isa = PBXFileReference; lastKnownFileType = image.png; path = volume_BLACK.png; sourceTree = "<group>"; };
		9AA7DDFA13DDFCFC009387BF /* volume_CIRCLE.png */ = {isa = PBXFileReference; lastKnownFileType = image.png; path = volume_CIRCLE.png; sourceTree = "<group>"; };
		9AA7DDFB13DDFCFC009387BF /* volume_GRAY.png */ = {isa = PBXFileReference; lastKnownFileType = image.png; path = volume_GRAY.png; sourceTree = "<group>"; };
/* End PBXFileReference section */

/* Begin PBXFrameworksBuildPhase section */
		9AA7DD7A13DCA7F6009387BF /* Frameworks */ = {
			isa = PBXFrameworksBuildPhase;
			buildActionMask = 2147483647;
			files = (
				9AA7DDC713DCAB6E009387BF /* AVFoundation.framework in Frameworks */,
				9AA7DD8213DCA7F6009387BF /* UIKit.framework in Frameworks */,
				9AA7DD8413DCA7F6009387BF /* Foundation.framework in Frameworks */,
				9AA7DD8613DCA7F6009387BF /* CoreGraphics.framework in Frameworks */,
			);
			runOnlyForDeploymentPostprocessing = 0;
		};
		9AA7DDA113DCA7F6009387BF /* Frameworks */ = {
			isa = PBXFrameworksBuildPhase;
			buildActionMask = 2147483647;
			files = (
				9AA7DDA613DCA7F6009387BF /* UIKit.framework in Frameworks */,
				9AA7DDA713DCA7F6009387BF /* Foundation.framework in Frameworks */,
				9AA7DDA813DCA7F6009387BF /* CoreGraphics.framework in Frameworks */,
			);
			runOnlyForDeploymentPostprocessing = 0;
		};
/* End PBXFrameworksBuildPhase section */

/* Begin PBXGroup section */
		9AA7DD7213DCA7F5009387BF = {
			isa = PBXGroup;
			children = (
				9AA7DD8713DCA7F6009387BF /* SimpleMusicPlayer */,
				9AA7DDAB13DCA7F6009387BF /* SimpleMusicPlayerTests */,
				9AA7DD8013DCA7F6009387BF /* Frameworks */,
				9AA7DD7E13DCA7F6009387BF /* Products */,
			);
			sourceTree = "<group>";
		};
		9AA7DD7E13DCA7F6009387BF /* Products */ = {
			isa = PBXGroup;
			children = (
				9AA7DD7D13DCA7F6009387BF /* SimpleMusicPlayer.app */,
				9AA7DDA513DCA7F6009387BF /* SimpleMusicPlayerTests.octest */,
			);
			name = Products;
			sourceTree = "<group>";
		};
		9AA7DD8013DCA7F6009387BF /* Frameworks */ = {
			isa = PBXGroup;
			children = (
				9AA7DDC613DCAB6E009387BF /* AVFoundation.framework */,
				9AA7DD8113DCA7F6009387BF /* UIKit.framework */,
				9AA7DD8313DCA7F6009387BF /* Foundation.framework */,
				9AA7DD8513DCA7F6009387BF /* CoreGraphics.framework */,
			);
			name = Frameworks;
			sourceTree = "<group>";
		};
		9AA7DD8713DCA7F6009387BF /* SimpleMusicPlayer */ = {
			isa = PBXGroup;
			children = (
				9AA7DDD813DCAD05009387BF /* Resources */,
				9AA7DDEE13DDEEEF009387BF /* AudioPlayerViewController */,
				9AA7DDC813DCACE8009387BF /* AppDelegate */,
				9AA7DDCB13DCACE8009387BF /* FlipsideViewController */,
				9AA7DDCF13DCACE8009387BF /* MainViewController */,
				9AA7DD8813DCA7F6009387BF /* Supporting Files */,
			);
			path = SimpleMusicPlayer;
			sourceTree = "<group>";
		};
		9AA7DD8813DCA7F6009387BF /* Supporting Files */ = {
			isa = PBXGroup;
			children = (
				9AA7DD9313DCA7F6009387BF /* MainWindow.xib */,
				9AA7DD8913DCA7F6009387BF /* SimpleMusicPlayer-Info.plist */,
				9AA7DD8A13DCA7F6009387BF /* InfoPlist.strings */,
				9AA7DD8D13DCA7F6009387BF /* SimpleMusicPlayer-Prefix.pch */,
				9AA7DD8E13DCA7F6009387BF /* main.m */,
			);
			name = "Supporting Files";
			sourceTree = "<group>";
		};
		9AA7DDAB13DCA7F6009387BF /* SimpleMusicPlayerTests */ = {
			isa = PBXGroup;
			children = (
				9AA7DDB213DCA7F6009387BF /* SimpleMusicPlayerTests.h */,
				9AA7DDB413DCA7F6009387BF /* SimpleMusicPlayerTests.m */,
				9AA7DDAC13DCA7F6009387BF /* Supporting Files */,
			);
			path = SimpleMusicPlayerTests;
			sourceTree = "<group>";
		};
		9AA7DDAC13DCA7F6009387BF /* Supporting Files */ = {
			isa = PBXGroup;
			children = (
				9AA7DDAD13DCA7F6009387BF /* SimpleMusicPlayerTests-Info.plist */,
				9AA7DDAE13DCA7F6009387BF /* InfoPlist.strings */,
				9AA7DDB113DCA7F6009387BF /* SimpleMusicPlayerTests-Prefix.pch */,
			);
			name = "Supporting Files";
			sourceTree = "<group>";
		};
		9AA7DDC813DCACE8009387BF /* AppDelegate */ = {
			isa = PBXGroup;
			children = (
				9AA7DDC913DCACE8009387BF /* SimpleMusicPlayerAppDelegate.h */,
				9AA7DDCA13DCACE8009387BF /* SimpleMusicPlayerAppDelegate.m */,
			);
			path = AppDelegate;
			sourceTree = "<group>";
		};
		9AA7DDCB13DCACE8009387BF /* FlipsideViewController */ = {
			isa = PBXGroup;
			children = (
				9AA7DDCC13DCACE8009387BF /* FlipsideViewController.h */,
				9AA7DDCD13DCACE8009387BF /* FlipsideViewController.m */,
				9AA7DDCE13DCACE8009387BF /* FlipsideViewController.xib */,
			);
			path = FlipsideViewController;
			sourceTree = "<group>";
		};
		9AA7DDCF13DCACE8009387BF /* MainViewController */ = {
			isa = PBXGroup;
			children = (
				9AA7DDD013DCACE8009387BF /* MainViewController.h */,
				9AA7DDD113DCACE8009387BF /* MainViewController.m */,
				9AA7DDD213DCACE8009387BF /* MainViewController.xib */,
			);
			path = MainViewController;
			sourceTree = "<group>";
		};
		9AA7DDD813DCAD05009387BF /* Resources */ = {
			isa = PBXGroup;
			children = (
				9A0537B813DE084B00C1E27D /* Amaranth.mp3 */,
				9AA7DDF413DDFCFC009387BF /* ProgressBar */,
				9AA7DDF813DDFCFC009387BF /* VolumeBar */,
			);
			path = Resources;
			sourceTree = "<group>";
		};
		9AA7DDEE13DDEEEF009387BF /* AudioPlayerViewController */ = {
			isa = PBXGroup;
			children = (
				9AA7DDEE13DDEEEF009387C0 /* AudioPlayerViewController.h */,
				9AA7DDEE13DDEEEF009387C1 /* AudioPlayerViewController.m */,
				9AA7DDEE13DDEEEF009387C3 /* AudioPlayerViewController.xib */,
			);
			path = AudioPlayerViewController;
			sourceTree = "<group>";
		};
		9AA7DDF413DDFCFC009387BF /* ProgressBar */ = {
			isa = PBXGroup;
			children = (
				9AA7DDF513DDFCFC009387BF /* progress-background.png */,
				9AA7DDF613DDFCFC009387BF /* progress-point.png */,
				9AA7DDF713DDFCFC009387BF /* progress-front.png */,
			);
			path = ProgressBar;
			sourceTree = "<group>";
		};
		9AA7DDF813DDFCFC009387BF /* VolumeBar */ = {
			isa = PBXGroup;
			children = (
				9AA7DDF913DDFCFC009387BF /* volume_BLACK.png */,
				9AA7DDFA13DDFCFC009387BF /* volume_CIRCLE.png */,
				9AA7DDFB13DDFCFC009387BF /* volume_GRAY.png */,
			);
			path = VolumeBar;
			sourceTree = "<group>";
		};
/* End PBXGroup section */

/* Begin PBXNativeTarget section */
		9AA7DD7C13DCA7F6009387BF /* SimpleMusicPlayer */ = {
			isa = PBXNativeTarget;
			buildConfigurationList = 9AA7DDB813DCA7F6009387BF /* Build configuration list for PBXNativeTarget "SimpleMusicPlayer" */;
			buildPhases = (
				9AA7DD7913DCA7F6009387BF /* Sources */,
				9AA7DD7A13DCA7F6009387BF /* Frameworks */,
				9AA7DD7B13DCA7F6009387BF /* Resources */,
			);
			buildRules = (
			);
			dependencies = (
			);
			name = SimpleMusicPlayer;
			productName = SimpleMusicPlayer;
			productReference = 9AA7DD7D13DCA7F6009387BF /* SimpleMusicPlayer.app */;
			productType = "com.apple.product-type.application";
		};
		9AA7DDA413DCA7F6009387BF /* SimpleMusicPlayerTests */ = {
			isa = PBXNativeTarget;
			buildConfigurationList = 9AA7DDBB13DCA7F6009387BF /* Build configuration list for PBXNativeTarget "SimpleMusicPlayerTests" */;
			buildPhases = (
				9AA7DDA013DCA7F6009387BF /* Sources */,
				9AA7DDA113DCA7F6009387BF /* Frameworks */,
				9AA7DDA213DCA7F6009387BF /* Resources */,
				9AA7DDA313DCA7F6009387BF /* ShellScript */,
			);
			buildRules = (
			);
			dependencies = (
				9AA7DDAA13DCA7F6009387BF /* PBXTargetDependency */,
			);
			name = SimpleMusicPlayerTests;
			productName = SimpleMusicPlayerTests;
			productReference = 9AA7DDA513DCA7F6009387BF /* SimpleMusicPlayerTests.octest */;
			productType = "com.apple.product-type.bundle";
		};
/* End PBXNativeTarget section */

/* Begin PBXProject section */
		9AA7DD7413DCA7F5009387BF /* Project object */ = {
			isa = PBXProject;
			attributes = {
				ORGANIZATIONNAME = "FDV Solutions";
			};
			buildConfigurationList = 9AA7DD7713DCA7F5009387BF /* Build configuration list for PBXProject "SimpleMusicPlayer" */;
			compatibilityVersion = "Xcode 3.2";
			developmentRegion = English;
			hasScannedForEncodings = 0;
			knownRegions = (
				en,
			);
			mainGroup = 9AA7DD7213DCA7F5009387BF;
			productRefGroup = 9AA7DD7E13DCA7F6009387BF /* Products */;
			projectDirPath = "";
			projectRoot = "";
			targets = (
				9AA7DD7C13DCA7F6009387BF /* SimpleMusicPlayer */,
				9AA7DDA413DCA7F6009387BF /* SimpleMusicPlayerTests */,
			);
		};
/* End PBXProject section */

/* Begin PBXResourcesBuildPhase section */
		9AA7DD7B13DCA7F6009387BF /* Resources */ = {
			isa = PBXResourcesBuildPhase;
			buildActionMask = 2147483647;
			files = (
				9AA7DD8C13DCA7F6009387BF /* InfoPlist.strings in Resources */,
				9AA7DD9513DCA7F6009387BF /* MainWindow.xib in Resources */,
				9AA7DDD513DCACE8009387BF /* FlipsideViewController.xib in Resources */,
				9AA7DDD713DCACE8009387BF /* MainViewController.xib in Resources */,
				9AA7DDEE13DDEEEF009387C4 /* AudioPlayerViewController.xib in Resources */,
				9AA7DDFC13DDFCFC009387BF /* progress-background.png in Resources */,
				9AA7DDFD13DDFCFC009387BF /* progress-point.png in Resources */,
				9AA7DDFE13DDFCFC009387BF /* progress-front.png in Resources */,
				9AA7DDFF13DDFCFC009387BF /* volume_BLACK.png in Resources */,
				9AA7DE0013DDFCFC009387BF /* volume_CIRCLE.png in Resources */,
				9AA7DE0113DDFCFC009387BF /* volume_GRAY.png in Resources */,
				9A0537B913DE084B00C1E27D /* Amaranth.mp3 in Resources */,
			);
			runOnlyForDeploymentPostprocessing = 0;
		};
		9AA7DDA213DCA7F6009387BF /* Resources */ = {
			isa = PBXResourcesBuildPhase;
			buildActionMask = 2147483647;
			files = (
				9AA7DDB013DCA7F6009387BF /* InfoPlist.strings in Resources */,
				9AA7DDB313DCA7F6009387BF /* SimpleMusicPlayerTests.h in Resources */,
			);
			runOnlyForDeploymentPostprocessing = 0;
		};
/* End PBXResourcesBuildPhase section */

/* Begin PBXShellScriptBuildPhase section */
		9AA7DDA313DCA7F6009387BF /* ShellScript */ = {
			isa = PBXShellScriptBuildPhase;
			buildActionMask = 2147483647;
			files = (
			);
			inputPaths = (
			);
			outputPaths = (
			);
			runOnlyForDeploymentPostprocessing = 0;
			shellPath = /bin/sh;
			shellScript = "# Run the unit tests in this test bundle.\n\"${SYSTEM_DEVELOPER_DIR}/Tools/RunUnitTests\"\n";
		};
/* End PBXShellScriptBuildPhase section */

/* Begin PBXSourcesBuildPhase section */
		9AA7DD7913DCA7F6009387BF /* Sources */ = {
			isa = PBXSourcesBuildPhase;
			buildActionMask = 2147483647;
			files = (
				9AA7DD8F13DCA7F6009387BF /* main.m in Sources */,
				9AA7DDD313DCACE8009387BF /* SimpleMusicPlayerAppDelegate.m in Sources */,
				9AA7DDD413DCACE8009387BF /* FlipsideViewController.m in Sources */,
				9AA7DDD613DCACE8009387BF /* MainViewController.m in Sources */,
				9AA7DDEE13DDEEEF009387C2 /* AudioPlayerViewController.m in Sources */,
			);
			runOnlyForDeploymentPostprocessing = 0;
		};
		9AA7DDA013DCA7F6009387BF /* Sources */ = {
			isa = PBXSourcesBuildPhase;
			buildActionMask = 2147483647;
			files = (
				9AA7DDB513DCA7F6009387BF /* SimpleMusicPlayerTests.m in Sources */,
			);
			runOnlyForDeploymentPostprocessing = 0;
		};
/* End PBXSourcesBuildPhase section */

/* Begin PBXTargetDependency section */
		9AA7DDAA13DCA7F6009387BF /* PBXTargetDependency */ = {
			isa = PBXTargetDependency;
			target = 9AA7DD7C13DCA7F6009387BF /* SimpleMusicPlayer */;
			targetProxy = 9AA7DDA913DCA7F6009387BF /* PBXContainerItemProxy */;
		};
/* End PBXTargetDependency section */

/* Begin PBXVariantGroup section */
		9AA7DD8A13DCA7F6009387BF /* InfoPlist.strings */ = {
			isa = PBXVariantGroup;
			children = (
				9AA7DD8B13DCA7F6009387BF /* en */,
			);
			name = InfoPlist.strings;
			sourceTree = "<group>";
		};
		9AA7DD9313DCA7F6009387BF /* MainWindow.xib */ = {
			isa = PBXVariantGroup;
			children = (
				9AA7DD9413DCA7F6009387BF /* en */,
			);
			name = MainWindow.xib;
			sourceTree = "<group>";
		};
		9AA7DDAE13DCA7F6009387BF /* InfoPlist.strings */ = {
			isa = PBXVariantGroup;
			children = (
				9AA7DDAF13DCA7F6009387BF /* en */,
			);
			name = InfoPlist.strings;
			sourceTree = "<group>";
		};
/* End PBXVariantGroup section */

/* Begin XCBuildConfiguration section */
		9AA7DDB613DCA7F6009387BF /* Debug */ = {
			isa = XCBuildConfiguration;
			buildSettings = {
				ARCHS = "$(ARCHS_STANDARD_32_BIT)";
				CODE_SIGN_IDENTITY = "iPhone Developer";
				"CODE_SIGN_IDENTITY[sdk=iphoneos*]" = "iPhone Developer";
				GCC_C_LANGUAGE_STANDARD = gnu99;
				GCC_OPTIMIZATION_LEVEL = 0;
				GCC_PREPROCESSOR_DEFINITIONS = DEBUG;
				GCC_SYMBOLS_PRIVATE_EXTERN = NO;
				GCC_VERSION = com.apple.compilers.llvmgcc42;
				GCC_WARN_ABOUT_RETURN_TYPE = YES;
				GCC_WARN_UNUSED_VARIABLE = YES;
				IPHONEOS_DEPLOYMENT_TARGET = 4.3;
				PROVISIONING_PROFILE = "";
				SDKROOT = iphoneos;
			};
			name = Debug;
		};
		9AA7DDB713DCA7F6009387BF /* Release */ = {
			isa = XCBuildConfiguration;
			buildSettings = {
				ARCHS = "$(ARCHS_STANDARD_32_BIT)";
				CODE_SIGN_IDENTITY = "iPhone Developer";
				"CODE_SIGN_IDENTITY[sdk=iphoneos*]" = "iPhone Developer";
				GCC_C_LANGUAGE_STANDARD = gnu99;
				GCC_VERSION = com.apple.compilers.llvmgcc42;
				GCC_WARN_ABOUT_RETURN_TYPE = YES;
				GCC_WARN_UNUSED_VARIABLE = YES;
				IPHONEOS_DEPLOYMENT_TARGET = 4.3;
				OTHER_CFLAGS = "-DNS_BLOCK_ASSERTIONS=1";
				PROVISIONING_PROFILE = "";
				SDKROOT = iphoneos;
			};
			name = Release;
		};
		9AA7DDB913DCA7F6009387BF /* Debug */ = {
			isa = XCBuildConfiguration;
			buildSettings = {
				ALWAYS_SEARCH_USER_PATHS = NO;
				COPY_PHASE_STRIP = NO;
				GCC_DYNAMIC_NO_PIC = NO;
				GCC_PRECOMPILE_PREFIX_HEADER = YES;
				GCC_PREFIX_HEADER = "SimpleMusicPlayer/SimpleMusicPlayer-Prefix.pch";
				INFOPLIST_FILE = "SimpleMusicPlayer/SimpleMusicPlayer-Info.plist";
				PRODUCT_NAME = "$(TARGET_NAME)";
				WRAPPER_EXTENSION = app;
			};
			name = Debug;
		};
		9AA7DDBA13DCA7F6009387BF /* Release */ = {
			isa = XCBuildConfiguration;
			buildSettings = {
				ALWAYS_SEARCH_USER_PATHS = NO;
				COPY_PHASE_STRIP = YES;
				GCC_PRECOMPILE_PREFIX_HEADER = YES;
				GCC_PREFIX_HEADER = "SimpleMusicPlayer/SimpleMusicPlayer-Prefix.pch";
				INFOPLIST_FILE = "SimpleMusicPlayer/SimpleMusicPlayer-Info.plist";
				PRODUCT_NAME = "$(TARGET_NAME)";
				VALIDATE_PRODUCT = YES;
				WRAPPER_EXTENSION = app;
			};
			name = Release;
		};
		9AA7DDBC13DCA7F6009387BF /* Debug */ = {
			isa = XCBuildConfiguration;
			buildSettings = {
				ALWAYS_SEARCH_USER_PATHS = NO;
				BUNDLE_LOADER = "$(BUILT_PRODUCTS_DIR)/SimpleMusicPlayer.app/SimpleMusicPlayer";
				FRAMEWORK_SEARCH_PATHS = (
					"$(SDKROOT)/Developer/Library/Frameworks",
					"$(DEVELOPER_LIBRARY_DIR)/Frameworks",
				);
				GCC_PRECOMPILE_PREFIX_HEADER = YES;
				GCC_PREFIX_HEADER = "SimpleMusicPlayerTests/SimpleMusicPlayerTests-Prefix.pch";
				INFOPLIST_FILE = "SimpleMusicPlayerTests/SimpleMusicPlayerTests-Info.plist";
				OTHER_LDFLAGS = (
					"-framework",
					SenTestingKit,
				);
				PRODUCT_NAME = "$(TARGET_NAME)";
				TEST_HOST = "$(BUNDLE_LOADER)";
				WRAPPER_EXTENSION = octest;
			};
			name = Debug;
		};
		9AA7DDBD13DCA7F6009387BF /* Release */ = {
			isa = XCBuildConfiguration;
			buildSettings = {
				ALWAYS_SEARCH_USER_PATHS = NO;
				BUNDLE_LOADER = "$(BUILT_PRODUCTS_DIR)/SimpleMusicPlayer.app/SimpleMusicPlayer";
				FRAMEWORK_SEARCH_PATHS = (
					"$(SDKROOT)/Developer/Library/Frameworks",
					"$(DEVELOPER_LIBRARY_DIR)/Frameworks",
				);
				GCC_PRECOMPILE_PREFIX_HEADER = YES;
				GCC_PREFIX_HEADER = "SimpleMusicPlayerTests/SimpleMusicPlayerTests-Prefix.pch";
				INFOPLIST_FILE = "SimpleMusicPlayerTests/SimpleMusicPlayerTests-Info.plist";
				OTHER_LDFLAGS = (
					"-framework",
					SenTestingKit,
				);
				PRODUCT_NAME = "$(TARGET_NAME)";
				TEST_HOST = "$(BUNDLE_LOADER)";
				WRAPPER_EXTENSION = octest;
			};
			name = Release;
		};
/* End XCBuildConfiguration section */

/* Begin XCConfigurationList section */
		9AA7DD7713DCA7F5009387BF /* Build configuration list for PBXProject "SimpleMusicPlayer" */ = {
			isa = XCConfigurationList;
			buildConfigurations = (
				9AA7DDB613DCA7F6009387BF /* Debug */,
				9AA7DDB713DCA7F6009387BF /* Release */,
			);
			defaultConfigurationIsVisible = 0;
			defaultConfigurationName = Release;
		};
		9AA7DDB813DCA7F6009387BF /* Build configuration list for PBXNativeTarget "SimpleMusicPlayer" */ = {
			isa = XCConfigurationList;
			buildConfigurations = (
				9AA7DDB913DCA7F6009387BF /* Debug */,
				9AA7DDBA13DCA7F6009387BF /* Release */,
			);
			defaultConfigurationIsVisible = 0;
			defaultConfigurationName = Release;
		};
		9AA7DDBB13DCA7F6009387BF /* Build configuration list for PBXNativeTarget "SimpleMusicPlayerTests" */ = {
			isa = XCConfigurationList;
			buildConfigurations = (
				9AA7DDBC13DCA7F6009387BF /* Debug */,
				9AA7DDBD13DCA7F6009387BF /* Release */,
			);
			defaultConfigurationIsVisible = 0;
			defaultConfigurationName = Release;
		};
/* End XCConfigurationList section */
	};
	rootObject = 9AA7DD7413DCA7F5009387BF /* Project object */;
}
